// !$*UTF8*$!
{
	archiveVersion = 1;
	classes = {
	};
	objectVersion = 46;
	objects = {

/* Begin PBXBuildFile section */
		B28AF2F819A2B2CC00DB9ED1 /* Foundation.framework in Frameworks */ = {isa = PBXBuildFile; fileRef = B28AF2F719A2B2CC00DB9ED1 /* Foundation.framework */; };
		B28AF2FA19A2B2CC00DB9ED1 /* CoreGraphics.framework in Frameworks */ = {isa = PBXBuildFile; fileRef = B28AF2F919A2B2CC00DB9ED1 /* CoreGraphics.framework */; };
		B28AF2FC19A2B2CC00DB9ED1 /* UIKit.framework in Frameworks */ = {isa = PBXBuildFile; fileRef = B28AF2FB19A2B2CC00DB9ED1 /* UIKit.framework */; };
		B28AF30219A2B2CC00DB9ED1 /* InfoPlist.strings in Resources */ = {isa = PBXBuildFile; fileRef = B28AF30019A2B2CC00DB9ED1 /* InfoPlist.strings */; };
		B28AF30419A2B2CC00DB9ED1 /* main.m in Sources */ = {isa = PBXBuildFile; fileRef = B28AF30319A2B2CC00DB9ED1 /* main.m */; };
		B28AF30819A2B2CC00DB9ED1 /* AppDelegate.m in Sources */ = {isa = PBXBuildFile; fileRef = B28AF30719A2B2CC00DB9ED1 /* AppDelegate.m */; };
		B28AF30B19A2B2CC00DB9ED1 /* Main_iPhone.storyboard in Resources */ = {isa = PBXBuildFile; fileRef = B28AF30919A2B2CC00DB9ED1 /* Main_iPhone.storyboard */; };
		B28AF30E19A2B2CC00DB9ED1 /* Main_iPad.storyboard in Resources */ = {isa = PBXBuildFile; fileRef = B28AF30C19A2B2CC00DB9ED1 /* Main_iPad.storyboard */; };
		B28AF31119A2B2CC00DB9ED1 /* ViewController.m in Sources */ = {isa = PBXBuildFile; fileRef = B28AF31019A2B2CC00DB9ED1 /* ViewController.m */; };
		B28AF31319A2B2CC00DB9ED1 /* Images.xcassets in Resources */ = {isa = PBXBuildFile; fileRef = B28AF31219A2B2CC00DB9ED1 /* Images.xcassets */; };
		B28AF31A19A2B2CC00DB9ED1 /* XCTest.framework in Frameworks */ = {isa = PBXBuildFile; fileRef = B28AF31919A2B2CC00DB9ED1 /* XCTest.framework */; };
		B28AF31B19A2B2CC00DB9ED1 /* Foundation.framework in Frameworks */ = {isa = PBXBuildFile; fileRef = B28AF2F719A2B2CC00DB9ED1 /* Foundation.framework */; };
		B28AF31C19A2B2CC00DB9ED1 /* UIKit.framework in Frameworks */ = {isa = PBXBuildFile; fileRef = B28AF2FB19A2B2CC00DB9ED1 /* UIKit.framework */; };
		B28AF32419A2B2CC00DB9ED1 /* InfoPlist.strings in Resources */ = {isa = PBXBuildFile; fileRef = B28AF32219A2B2CC00DB9ED1 /* InfoPlist.strings */; };
		B28AF32619A2B2CC00DB9ED1 /* StopWatchTableViewTests.m in Sources */ = {isa = PBXBuildFile; fileRef = B28AF32519A2B2CC00DB9ED1 /* StopWatchTableViewTests.m */; };
		B28AF33119A2C6FA00DB9ED1 /* StopWatchTableViewCell.m in Sources */ = {isa = PBXBuildFile; fileRef = B28AF33019A2C6FA00DB9ED1 /* StopWatchTableViewCell.m */; };
		B28AF33319A2C73000DB9ED1 /* StopWatchTableViewCell.xib in Resources */ = {isa = PBXBuildFile; fileRef = B28AF33219A2C73000DB9ED1 /* StopWatchTableViewCell.xib */; };
		B2DC0D3619A50B34004C207C /* StopWatch.m in Sources */ = {isa = PBXBuildFile; fileRef = B2DC0D3519A50B34004C207C /* StopWatch.m */; };
/* End PBXBuildFile section */

/* Begin PBXContainerItemProxy section */
		B28AF31D19A2B2CC00DB9ED1 /* PBXContainerItemProxy */ = {
			isa = PBXContainerItemProxy;
			containerPortal = B28AF2EC19A2B2CC00DB9ED1 /* Project object */;
			proxyType = 1;
			remoteGlobalIDString = B28AF2F319A2B2CC00DB9ED1;
			remoteInfo = StopWatchTableView;
		};
/* End PBXContainerItemProxy section */

/* Begin PBXFileReference section */
		B28AF2F419A2B2CC00DB9ED1 /* StopWatchTableView.app */ = {isa = PBXFileReference; explicitFileType = wrapper.application; includeInIndex = 0; path = StopWatchTableView.app; sourceTree = BUILT_PRODUCTS_DIR; };
		B28AF2F719A2B2CC00DB9ED1 /* Foundation.framework */ = {isa = PBXFileReference; lastKnownFileType = wrapper.framework; name = Foundation.framework; path = System/Library/Frameworks/Foundation.framework; sourceTree = SDKROOT; };
		B28AF2F919A2B2CC00DB9ED1 /* CoreGraphics.framework */ = {isa = PBXFileReference; lastKnownFileType = wrapper.framework; name = CoreGraphics.framework; path = System/Library/Frameworks/CoreGraphics.framework; sourceTree = SDKROOT; };
		B28AF2FB19A2B2CC00DB9ED1 /* UIKit.framework */ = {isa = PBXFileReference; lastKnownFileType = wrapper.framework; name = UIKit.framework; path = System/Library/Frameworks/UIKit.framework; sourceTree = SDKROOT; };
		B28AF2FF19A2B2CC00DB9ED1 /* StopWatchTableView-Info.plist */ = {isa = PBXFileReference; lastKnownFileType = text.plist.xml; path = "StopWatchTableView-Info.plist"; sourceTree = "<group>"; };
		B28AF30119A2B2CC00DB9ED1 /* en */ = {isa = PBXFileReference; lastKnownFileType = text.plist.strings; name = en; path = en.lproj/InfoPlist.strings; sourceTree = "<group>"; };
		B28AF30319A2B2CC00DB9ED1 /* main.m */ = {isa = PBXFileReference; lastKnownFileType = sourcecode.c.objc; path = main.m; sourceTree = "<group>"; };
		B28AF30519A2B2CC00DB9ED1 /* StopWatchTableView-Prefix.pch */ = {isa = PBXFileReference; lastKnownFileType = sourcecode.c.h; path = "StopWatchTableView-Prefix.pch"; sourceTree = "<group>"; };
		B28AF30619A2B2CC00DB9ED1 /* AppDelegate.h */ = {isa = PBXFileReference; lastKnownFileType = sourcecode.c.h; path = AppDelegate.h; sourceTree = "<group>"; };
		B28AF30719A2B2CC00DB9ED1 /* AppDelegate.m */ = {isa = PBXFileReference; lastKnownFileType = sourcecode.c.objc; path = AppDelegate.m; sourceTree = "<group>"; };
		B28AF30A19A2B2CC00DB9ED1 /* Base */ = {isa = PBXFileReference; lastKnownFileType = file.storyboard; name = Base; path = Base.lproj/Main_iPhone.storyboard; sourceTree = "<group>"; };
		B28AF30D19A2B2CC00DB9ED1 /* Base */ = {isa = PBXFileReference; lastKnownFileType = file.storyboard; name = Base; path = Base.lproj/Main_iPad.storyboard; sourceTree = "<group>"; };
		B28AF30F19A2B2CC00DB9ED1 /* ViewController.h */ = {isa = PBXFileReference; lastKnownFileType = sourcecode.c.h; path = ViewController.h; sourceTree = "<group>"; };
		B28AF31019A2B2CC00DB9ED1 /* ViewController.m */ = {isa = PBXFileReference; lastKnownFileType = sourcecode.c.objc; path = ViewController.m; sourceTree = "<group>"; };
		B28AF31219A2B2CC00DB9ED1 /* Images.xcassets */ = {isa = PBXFileReference; lastKnownFileType = folder.assetcatalog; path = Images.xcassets; sourceTree = "<group>"; };
		B28AF31819A2B2CC00DB9ED1 /* StopWatchTableViewTests.xctest */ = {isa = PBXFileReference; explicitFileType = wrapper.cfbundle; includeInIndex = 0; path = StopWatchTableViewTests.xctest; sourceTree = BUILT_PRODUCTS_DIR; };
		B28AF31919A2B2CC00DB9ED1 /* XCTest.framework */ = {isa = PBXFileReference; lastKnownFileType = wrapper.framework; name = XCTest.framework; path = Library/Frameworks/XCTest.framework; sourceTree = DEVELOPER_DIR; };
		B28AF32119A2B2CC00DB9ED1 /* StopWatchTableViewTests-Info.plist */ = {isa = PBXFileReference; lastKnownFileType = text.plist.xml; path = "StopWatchTableViewTests-Info.plist"; sourceTree = "<group>"; };
		B28AF32319A2B2CC00DB9ED1 /* en */ = {isa = PBXFileReference; lastKnownFileType = text.plist.strings; name = en; path = en.lproj/InfoPlist.strings; sourceTree = "<group>"; };
		B28AF32519A2B2CC00DB9ED1 /* StopWatchTableViewTests.m */ = {isa = PBXFileReference; lastKnownFileType = sourcecode.c.objc; path = StopWatchTableViewTests.m; sourceTree = "<group>"; };
		B28AF32F19A2C6FA00DB9ED1 /* StopWatchTableViewCell.h */ = {isa = PBXFileReference; fileEncoding = 4; lastKnownFileType = sourcecode.c.h; path = StopWatchTableViewCell.h; sourceTree = "<group>"; };
		B28AF33019A2C6FA00DB9ED1 /* StopWatchTableViewCell.m */ = {isa = PBXFileReference; fileEncoding = 4; lastKnownFileType = sourcecode.c.objc; path = StopWatchTableViewCell.m; sourceTree = "<group>"; };
		B28AF33219A2C73000DB9ED1 /* StopWatchTableViewCell.xib */ = {isa = PBXFileReference; fileEncoding = 4; lastKnownFileType = file.xib; path = StopWatchTableViewCell.xib; sourceTree = "<group>"; };
		B2DC0D3419A50B34004C207C /* StopWatch.h */ = {isa = PBXFileReference; fileEncoding = 4; lastKnownFileType = sourcecode.c.h; path = StopWatch.h; sourceTree = "<group>"; };
		B2DC0D3519A50B34004C207C /* StopWatch.m */ = {isa = PBXFileReference; fileEncoding = 4; lastKnownFileType = sourcecode.c.objc; path = StopWatch.m; sourceTree = "<group>"; };
/* End PBXFileReference section */

/* Begin PBXFrameworksBuildPhase section */
		B28AF2F119A2B2CC00DB9ED1 /* Frameworks */ = {
			isa = PBXFrameworksBuildPhase;
			buildActionMask = 2147483647;
			files = (
				B28AF2FA19A2B2CC00DB9ED1 /* CoreGraphics.framework in Frameworks */,
				B28AF2FC19A2B2CC00DB9ED1 /* UIKit.framework in Frameworks */,
				B28AF2F819A2B2CC00DB9ED1 /* Foundation.framework in Frameworks */,
			);
			runOnlyForDeploymentPostprocessing = 0;
		};
		B28AF31519A2B2CC00DB9ED1 /* Frameworks */ = {
			isa = PBXFrameworksBuildPhase;
			buildActionMask = 2147483647;
			files = (
				B28AF31A19A2B2CC00DB9ED1 /* XCTest.framework in Frameworks */,
				B28AF31C19A2B2CC00DB9ED1 /* UIKit.framework in Frameworks */,
				B28AF31B19A2B2CC00DB9ED1 /* Foundation.framework in Frameworks */,
			);
			runOnlyForDeploymentPostprocessing = 0;
		};
/* End PBXFrameworksBuildPhase section */

/* Begin PBXGroup section */
		B28AF2EB19A2B2CC00DB9ED1 = {
			isa = PBXGroup;
			children = (
				B28AF2FD19A2B2CC00DB9ED1 /* StopWatchTableView */,
				B28AF31F19A2B2CC00DB9ED1 /* StopWatchTableViewTests */,
				B28AF2F619A2B2CC00DB9ED1 /* Frameworks */,
				B28AF2F519A2B2CC00DB9ED1 /* Products */,
			);
			sourceTree = "<group>";
		};
		B28AF2F519A2B2CC00DB9ED1 /* Products */ = {
			isa = PBXGroup;
			children = (
				B28AF2F419A2B2CC00DB9ED1 /* StopWatchTableView.app */,
				B28AF31819A2B2CC00DB9ED1 /* StopWatchTableViewTests.xctest */,
			);
			name = Products;
			sourceTree = "<group>";
		};
		B28AF2F619A2B2CC00DB9ED1 /* Frameworks */ = {
			isa = PBXGroup;
			children = (
				B28AF2F719A2B2CC00DB9ED1 /* Foundation.framework */,
				B28AF2F919A2B2CC00DB9ED1 /* CoreGraphics.framework */,
				B28AF2FB19A2B2CC00DB9ED1 /* UIKit.framework */,
				B28AF31919A2B2CC00DB9ED1 /* XCTest.framework */,
			);
			name = Frameworks;
			sourceTree = "<group>";
		};
		B28AF2FD19A2B2CC00DB9ED1 /* StopWatchTableView */ = {
			isa = PBXGroup;
			children = (
				B28AF30619A2B2CC00DB9ED1 /* AppDelegate.h */,
				B28AF30719A2B2CC00DB9ED1 /* AppDelegate.m */,
				B28AF30919A2B2CC00DB9ED1 /* Main_iPhone.storyboard */,
				B28AF30C19A2B2CC00DB9ED1 /* Main_iPad.storyboard */,
				B28AF30F19A2B2CC00DB9ED1 /* ViewController.h */,
				B28AF31019A2B2CC00DB9ED1 /* ViewController.m */,
				B2DC0D3419A50B34004C207C /* StopWatch.h */,
				B2DC0D3519A50B34004C207C /* StopWatch.m */,
				B28AF32F19A2C6FA00DB9ED1 /* StopWatchTableViewCell.h */,
				B28AF33019A2C6FA00DB9ED1 /* StopWatchTableViewCell.m */,
				B28AF33219A2C73000DB9ED1 /* StopWatchTableViewCell.xib */,
				B28AF31219A2B2CC00DB9ED1 /* Images.xcassets */,
				B28AF2FE19A2B2CC00DB9ED1 /* Supporting Files */,
			);
			path = StopWatchTableView;
			sourceTree = "<group>";
		};
		B28AF2FE19A2B2CC00DB9ED1 /* Supporting Files */ = {
			isa = PBXGroup;
			children = (
				B28AF2FF19A2B2CC00DB9ED1 /* StopWatchTableView-Info.plist */,
				B28AF30019A2B2CC00DB9ED1 /* InfoPlist.strings */,
				B28AF30319A2B2CC00DB9ED1 /* main.m */,
				B28AF30519A2B2CC00DB9ED1 /* StopWatchTableView-Prefix.pch */,
			);
			name = "Supporting Files";
			sourceTree = "<group>";
		};
		B28AF31F19A2B2CC00DB9ED1 /* StopWatchTableViewTests */ = {
			isa = PBXGroup;
			children = (
				B28AF32519A2B2CC00DB9ED1 /* StopWatchTableViewTests.m */,
				B28AF32019A2B2CC00DB9ED1 /* Supporting Files */,
			);
			path = StopWatchTableViewTests;
			sourceTree = "<group>";
		};
		B28AF32019A2B2CC00DB9ED1 /* Supporting Files */ = {
			isa = PBXGroup;
			children = (
				B28AF32119A2B2CC00DB9ED1 /* StopWatchTableViewTests-Info.plist */,
				B28AF32219A2B2CC00DB9ED1 /* InfoPlist.strings */,
			);
			name = "Supporting Files";
			sourceTree = "<group>";
		};
/* End PBXGroup section */

/* Begin PBXNativeTarget section */
		B28AF2F319A2B2CC00DB9ED1 /* StopWatchTableView */ = {
			isa = PBXNativeTarget;
			buildConfigurationList = B28AF32919A2B2CC00DB9ED1 /* Build configuration list for PBXNativeTarget "StopWatchTableView" */;
			buildPhases = (
				B28AF2F019A2B2CC00DB9ED1 /* Sources */,
				B28AF2F119A2B2CC00DB9ED1 /* Frameworks */,
				B28AF2F219A2B2CC00DB9ED1 /* Resources */,
			);
			buildRules = (
			);
			dependencies = (
			);
			name = StopWatchTableView;
			productName = StopWatchTableView;
			productReference = B28AF2F419A2B2CC00DB9ED1 /* StopWatchTableView.app */;
			productType = "com.apple.product-type.application";
		};
		B28AF31719A2B2CC00DB9ED1 /* StopWatchTableViewTests */ = {
			isa = PBXNativeTarget;
			buildConfigurationList = B28AF32C19A2B2CC00DB9ED1 /* Build configuration list for PBXNativeTarget "StopWatchTableViewTests" */;
			buildPhases = (
				B28AF31419A2B2CC00DB9ED1 /* Sources */,
				B28AF31519A2B2CC00DB9ED1 /* Frameworks */,
				B28AF31619A2B2CC00DB9ED1 /* Resources */,
			);
			buildRules = (
			);
			dependencies = (
				B28AF31E19A2B2CC00DB9ED1 /* PBXTargetDependency */,
			);
			name = StopWatchTableViewTests;
			productName = StopWatchTableViewTests;
			productReference = B28AF31819A2B2CC00DB9ED1 /* StopWatchTableViewTests.xctest */;
			productType = "com.apple.product-type.bundle.unit-test";
		};
/* End PBXNativeTarget section */

/* Begin PBXProject section */
		B28AF2EC19A2B2CC00DB9ED1 /* Project object */ = {
			isa = PBXProject;
			attributes = {
				LastUpgradeCheck = 0510;
				ORGANIZATIONNAME = "Nathan Cope";
				TargetAttributes = {
					B28AF31719A2B2CC00DB9ED1 = {
						TestTargetID = B28AF2F319A2B2CC00DB9ED1;
					};
				};
			};
			buildConfigurationList = B28AF2EF19A2B2CC00DB9ED1 /* Build configuration list for PBXProject "StopWatchTableView" */;
			compatibilityVersion = "Xcode 3.2";
			developmentRegion = English;
			hasScannedForEncodings = 0;
			knownRegions = (
				en,
				Base,
			);
			mainGroup = B28AF2EB19A2B2CC00DB9ED1;
			productRefGroup = B28AF2F519A2B2CC00DB9ED1 /* Products */;
			projectDirPath = "";
			projectRoot = "";
			targets = (
				B28AF2F319A2B2CC00DB9ED1 /* StopWatchTableView */,
				B28AF31719A2B2CC00DB9ED1 /* StopWatchTableViewTests */,
			);
		};
/* End PBXProject section */

/* Begin PBXResourcesBuildPhase section */
		B28AF2F219A2B2CC00DB9ED1 /* Resources */ = {
			isa = PBXResourcesBuildPhase;
			buildActionMask = 2147483647;
			files = (
				B28AF33319A2C73000DB9ED1 /* StopWatchTableViewCell.xib in Resources */,
				B28AF30E19A2B2CC00DB9ED1 /* Main_iPad.storyboard in Resources */,
				B28AF31319A2B2CC00DB9ED1 /* Images.xcassets in Resources */,
				B28AF30B19A2B2CC00DB9ED1 /* Main_iPhone.storyboard in Resources */,
				B28AF30219A2B2CC00DB9ED1 /* InfoPlist.strings in Resources */,
			);
			runOnlyForDeploymentPostprocessing = 0;
		};
		B28AF31619A2B2CC00DB9ED1 /* Resources */ = {
			isa = PBXResourcesBuildPhase;
			buildActionMask = 2147483647;
			files = (
				B28AF32419A2B2CC00DB9ED1 /* InfoPlist.strings in Resources */,
			);
			runOnlyForDeploymentPostprocessing = 0;
		};
/* End PBXResourcesBuildPhase section */

/* Begin PBXSourcesBuildPhase section */
		B28AF2F019A2B2CC00DB9ED1 /* Sources */ = {
			isa = PBXSourcesBuildPhase;
			buildActionMask = 2147483647;
			files = (
				B28AF31119A2B2CC00DB9ED1 /* ViewController.m in Sources */,
				B28AF30819A2B2CC00DB9ED1 /* AppDelegate.m in Sources */,
				B2DC0D3619A50B34004C207C /* StopWatch.m in Sources */,
				B28AF30419A2B2CC00DB9ED1 /* main.m in Sources */,
				B28AF33119A2C6FA00DB9ED1 /* StopWatchTableViewCell.m in Sources */,
			);
			runOnlyForDeploymentPostprocessing = 0;
		};
		B28AF31419A2B2CC00DB9ED1 /* Sources */ = {
			isa = PBXSourcesBuildPhase;
			buildActionMask = 2147483647;
			files = (
				B28AF32619A2B2CC00DB9ED1 /* StopWatchTableViewTests.m in Sources */,
			);
			runOnlyForDeploymentPostprocessing = 0;
		};
/* End PBXSourcesBuildPhase section */

/* Begin PBXTargetDependency section */
		B28AF31E19A2B2CC00DB9ED1 /* PBXTargetDependency */ = {
			isa = PBXTargetDependency;
			target = B28AF2F319A2B2CC00DB9ED1 /* StopWatchTableView */;
			targetProxy = B28AF31D19A2B2CC00DB9ED1 /* PBXContainerItemProxy */;
		};
/* End PBXTargetDependency section */

/* Begin PBXVariantGroup section */
		B28AF30019A2B2CC00DB9ED1 /* InfoPlist.strings */ = {
			isa = PBXVariantGroup;
			children = (
				B28AF30119A2B2CC00DB9ED1 /* en */,
			);
			name = InfoPlist.strings;
			sourceTree = "<group>";
		};
		B28AF30919A2B2CC00DB9ED1 /* Main_iPhone.storyboard */ = {
			isa = PBXVariantGroup;
			children = (
				B28AF30A19A2B2CC00DB9ED1 /* Base */,
			);
			name = Main_iPhone.storyboard;
			sourceTree = "<group>";
		};
		B28AF30C19A2B2CC00DB9ED1 /* Main_iPad.storyboard */ = {
			isa = PBXVariantGroup;
			children = (
				B28AF30D19A2B2CC00DB9ED1 /* Base */,
			);
			name = Main_iPad.storyboard;
			sourceTree = "<group>";
		};
		B28AF32219A2B2CC00DB9ED1 /* InfoPlist.strings */ = {
			isa = PBXVariantGroup;
			children = (
				B28AF32319A2B2CC00DB9ED1 /* en */,
			);
			name = InfoPlist.strings;
			sourceTree = "<group>";
		};
/* End PBXVariantGroup section */

/* Begin XCBuildConfiguration section */
		B28AF32719A2B2CC00DB9ED1 /* Debug */ = {
			isa = XCBuildConfiguration;
			buildSettings = {
				ALWAYS_SEARCH_USER_PATHS = NO;
				CLANG_CXX_LANGUAGE_STANDARD = "gnu++0x";
				CLANG_CXX_LIBRARY = "libc++";
				CLANG_ENABLE_MODULES = YES;
				CLANG_ENABLE_OBJC_ARC = YES;
				CLANG_WARN_BOOL_CONVERSION = YES;
				CLANG_WARN_CONSTANT_CONVERSION = YES;
				CLANG_WARN_DIRECT_OBJC_ISA_USAGE = YES_ERROR;
				CLANG_WARN_EMPTY_BODY = YES;
				CLANG_WARN_ENUM_CONVERSION = YES;
				CLANG_WARN_INT_CONVERSION = YES;
				CLANG_WARN_OBJC_ROOT_CLASS = YES_ERROR;
				CLANG_WARN__DUPLICATE_METHOD_MATCH = YES;
				"CODE_SIGN_IDENTITY[sdk=iphoneos*]" = "iPhone Developer";
				COPY_PHASE_STRIP = NO;
				GCC_C_LANGUAGE_STANDARD = gnu99;
				GCC_DYNAMIC_NO_PIC = NO;
				GCC_OPTIMIZATION_LEVEL = 0;
				GCC_PREPROCESSOR_DEFINITIONS = (
					"DEBUG=1",
					"$(inherited)",
				);
				GCC_SYMBOLS_PRIVATE_EXTERN = NO;
				GCC_WARN_64_TO_32_BIT_CONVERSION = YES;
				GCC_WARN_ABOUT_RETURN_TYPE = YES_ERROR;
				GCC_WARN_UNDECLARED_SELECTOR = YES;
				GCC_WARN_UNINITIALIZED_AUTOS = YES_AGGRESSIVE;
				GCC_WARN_UNUSED_FUNCTION = YES;
				GCC_WARN_UNUSED_VARIABLE = YES;
				IPHONEOS_DEPLOYMENT_TARGET = 7.1;
				ONLY_ACTIVE_ARCH = YES;
				SDKROOT = iphoneos;
				TARGETED_DEVICE_FAMILY = "1,2";
			};
			name = Debug;
		};
		B28AF32819A2B2CC00DB9ED1 /* Release */ = {
			isa = XCBuildConfiguration;
			buildSettings = {
				ALWAYS_SEARCH_USER_PATHS = NO;
				CLANG_CXX_LANGUAGE_STANDARD = "gnu++0x";
				CLANG_CXX_LIBRARY = "libc++";
				CLANG_ENABLE_MODULES = YES;
				CLANG_ENABLE_OBJC_ARC = YES;
				CLANG_WARN_BOOL_CONVERSION = YES;
				CLANG_WARN_CONSTANT_CONVERSION = YES;
				CLANG_WARN_DIRECT_OBJC_ISA_USAGE = YES_ERROR;
				CLANG_WARN_EMPTY_BODY = YES;
				CLANG_WARN_ENUM_CONVERSION = YES;
				CLANG_WARN_INT_CONVERSION = YES;
				CLANG_WARN_OBJC_ROOT_CLASS = YES_ERROR;
				CLANG_WARN__DUPLICATE_METHOD_MATCH = YES;
				"CODE_SIGN_IDENTITY[sdk=iphoneos*]" = "iPhone Developer";
				COPY_PHASE_STRIP = YES;
				ENABLE_NS_ASSERTIONS = NO;
				GCC_C_LANGUAGE_STANDARD = gnu99;
				GCC_WARN_64_TO_32_BIT_CONVERSION = YES;
				GCC_WARN_ABOUT_RETURN_TYPE = YES_ERROR;
				GCC_WARN_UNDECLARED_SELECTOR = YES;
				GCC_WARN_UNINITIALIZED_AUTOS = YES_AGGRESSIVE;
				GCC_WARN_UNUSED_FUNCTION = YES;
				GCC_WARN_UNUSED_VARIABLE = YES;
				IPHONEOS_DEPLOYMENT_TARGET = 7.1;
				SDKROOT = iphoneos;
				TARGETED_DEVICE_FAMILY = "1,2";
				VALIDATE_PRODUCT = YES;
			};
			name = Release;
		};
		B28AF32A19A2B2CC00DB9ED1 /* Debug */ = {
			isa = XCBuildConfiguration;
			buildSettings = {
				ASSETCATALOG_COMPILER_APPICON_NAME = AppIcon;
				ASSETCATALOG_COMPILER_LAUNCHIMAGE_NAME = LaunchImage;
				GCC_PRECOMPILE_PREFIX_HEADER = YES;
				GCC_PREFIX_HEADER = "StopWatchTableView/StopWatchTableView-Prefix.pch";
				INFOPLIST_FILE = "StopWatchTableView/StopWatchTableView-Info.plist";
				PRODUCT_NAME = "$(TARGET_NAME)";
				WRAPPER_EXTENSION = app;
			};
			name = Debug;
		};
		B28AF32B19A2B2CC00DB9ED1 /* Release */ = {
			isa = XCBuildConfiguration;
			buildSettings = {
				ASSETCATALOG_COMPILER_APPICON_NAME = AppIcon;
				ASSETCATALOG_COMPILER_LAUNCHIMAGE_NAME = LaunchImage;
				GCC_PRECOMPILE_PREFIX_HEADER = YES;
				GCC_PREFIX_HEADER = "StopWatchTableView/StopWatchTableView-Prefix.pch";
				INFOPLIST_FILE = "StopWatchTableView/StopWatchTableView-Info.plist";
				PRODUCT_NAME = "$(TARGET_NAME)";
				WRAPPER_EXTENSION = app;
			};
			name = Release;
		};
		B28AF32D19A2B2CC00DB9ED1 /* Debug */ = {
			isa = XCBuildConfiguration;
			buildSettings = {
				BUNDLE_LOADER = "$(BUILT_PRODUCTS_DIR)/StopWatchTableView.app/StopWatchTableView";
				FRAMEWORK_SEARCH_PATHS = (
					"$(SDKROOT)/Developer/Library/Frameworks",
					"$(inherited)",
					"$(DEVELOPER_FRAMEWORKS_DIR)",
				);
				GCC_PRECOMPILE_PREFIX_HEADER = YES;
				GCC_PREFIX_HEADER = "StopWatchTableView/StopWatchTableView-Prefix.pch";
				GCC_PREPROCESSOR_DEFINITIONS = (
					"DEBUG=1",
					"$(inherited)",
				);
				INFOPLIST_FILE = "StopWatchTableViewTests/StopWatchTableViewTests-Info.plist";
				PRODUCT_NAME = "$(TARGET_NAME)";
				TEST_HOST = "$(BUNDLE_LOADER)";
				WRAPPER_EXTENSION = xctest;
			};
			name = Debug;
		};
		B28AF32E19A2B2CC00DB9ED1 /* Release */ = {
			isa = XCBuildConfiguration;
			buildSettings = {
				BUNDLE_LOADER = "$(BUILT_PRODUCTS_DIR)/StopWatchTableView.app/StopWatchTableView";
				FRAMEWORK_SEARCH_PATHS = (
					"$(SDKROOT)/Developer/Library/Frameworks",
					"$(inherited)",
					"$(DEVELOPER_FRAMEWORKS_DIR)",
				);
				GCC_PRECOMPILE_PREFIX_HEADER = YES;
				GCC_PREFIX_HEADER = "StopWatchTableView/StopWatchTableView-Prefix.pch";
				INFOPLIST_FILE = "StopWatchTableViewTests/StopWatchTableViewTests-Info.plist";
				PRODUCT_NAME = "$(TARGET_NAME)";
				TEST_HOST = "$(BUNDLE_LOADER)";
				WRAPPER_EXTENSION = xctest;
			};
			name = Release;
		};
/* End XCBuildConfiguration section */

/* Begin XCConfigurationList section */
		B28AF2EF19A2B2CC00DB9ED1 /* Build configuration list for PBXProject "StopWatchTableView" */ = {
			isa = XCConfigurationList;
			buildConfigurations = (
				B28AF32719A2B2CC00DB9ED1 /* Debug */,
				B28AF32819A2B2CC00DB9ED1 /* Release */,
			);
			defaultConfigurationIsVisible = 0;
			defaultConfigurationName = Release;
		};
		B28AF32919A2B2CC00DB9ED1 /* Build configuration list for PBXNativeTarget "StopWatchTableView" */ = {
			isa = XCConfigurationList;
			buildConfigurations = (
				B28AF32A19A2B2CC00DB9ED1 /* Debug */,
				B28AF32B19A2B2CC00DB9ED1 /* Release */,
			);
			defaultConfigurationIsVisible = 0;
			defaultConfigurationName = Release;
		};
		B28AF32C19A2B2CC00DB9ED1 /* Build configuration list for PBXNativeTarget "StopWatchTableViewTests" */ = {
			isa = XCConfigurationList;
			buildConfigurations = (
				B28AF32D19A2B2CC00DB9ED1 /* Debug */,
				B28AF32E19A2B2CC00DB9ED1 /* Release */,
			);
			defaultConfigurationIsVisible = 0;
			defaultConfigurationName = Release;
		};
/* End XCConfigurationList section */
	};
	rootObject = B28AF2EC19A2B2CC00DB9ED1 /* Project object */;
}
